
Microsoft Visual Studio Solution File, Format Version 12.00
# Visual Studio Version 16
VisualStudioVersion = 16.0.31729.503
MinimumVisualStudioVersion = 10.0.40219.1
Project("{FAE04EC0-301F-11D3-BF4B-00C04F79EFBC}") = "CA210818_1", "CA210818_1\CA210818_1.csproj", "{91FC72B3-2CC6-4BC6-9B10-2533828A45FF}"
EndProject
Global
	GlobalSection(SolutionConfigurationPlatforms) = preSolution
		Debug|Any CPU = Debug|Any CPU
		Release|Any CPU = Release|Any CPU
	EndGlobalSection
	GlobalSection(ProjectConfigurationPlatforms) = postSolution
		{91FC72B3-2CC6-4BC6-9B10-2533828A45FF}.Debug|Any CPU.ActiveCfg = Debug|Any CPU
		{91FC72B3-2CC6-4BC6-9B10-2533828A45FF}.Debug|Any CPU.Build.0 = Debug|Any CPU
		{91FC72B3-2CC6-4BC6-9B10-2533828A45FF}.Release|Any CPU.ActiveCfg = Release|Any CPU
		{91FC72B3-2CC6-4BC6-9B10-2533828A45FF}.Release|Any CPU.Build.0 = Release|Any CPU
	EndGlobalSection
	GlobalSection(SolutionProperties) = preSolution
		HideSolutionNode = FALSE
	EndGlobalSection
	GlobalSection(ExtensibilityGlobals) = postSolution
		SolutionGuid = {DF303427-85C1-48B1-ADE8-1D5632FB098A}
	EndGlobalSection
EndGlobal
